
Microsoft Visual Studio Solution File, Format Version 12.00
# Visual Studio Version 16
VisualStudioVersion = 16.0.30907.101
MinimumVisualStudioVersion = 10.0.40219.1
Project("{2150E333-8FDC-42A3-9474-1A3956D46DE8}") = "src", "src", "{DB85AF64-CE52-42C2-99BE-C2A5503ECE87}"
	ProjectSection(SolutionItems) = preProject
		src\Adapter.cs = src\Adapter.cs
	EndProjectSection
EndProject
Project("{FAE04EC0-301F-11D3-BF4B-00C04F79EFBC}") = "Atomus.Windows.MessageBox.Adapter(dotNet)", "dotNet\Atomus.Windows.MessageBox.Adapter(dotNet).csproj", "{2D0DB397-F059-48E1-863B-5498005C63B3}"
EndProject
Global
	GlobalSection(SolutionConfigurationPlatforms) = preSolution
		Debug|Any CPU = Debug|Any CPU
		Release|Any CPU = Release|Any CPU
	EndGlobalSection
	GlobalSection(ProjectConfigurationPlatforms) = postSolution
		{2D0DB397-F059-48E1-863B-5498005C63B3}.Debug|Any CPU.ActiveCfg = Debug|Any CPU
		{2D0DB397-F059-48E1-863B-5498005C63B3}.Debug|Any CPU.Build.0 = Debug|Any CPU
		{2D0DB397-F059-48E1-863B-5498005C63B3}.Release|Any CPU.ActiveCfg = Release|Any CPU
		{2D0DB397-F059-48E1-863B-5498005C63B3}.Release|Any CPU.Build.0 = Release|Any CPU
	EndGlobalSection
	GlobalSection(SolutionProperties) = preSolution
		HideSolutionNode = FALSE
	EndGlobalSection
	GlobalSection(ExtensibilityGlobals) = postSolution
		SolutionGuid = {0533327E-133B-4413-9D3A-D9444F476625}
	EndGlobalSection
EndGlobal
